dependencies:
- name: django
  repository: file://charts/django-chart
  version: 0.1.0
- name: mysql
  repository: https://charts.bitnami.com/bitnami
  version: 9.6.0
- name: kube-prometheus-stack
  repository: https://prometheus-community.github.io/helm-charts
  version: 45.9.1
digest: sha256:fd89235ab0167252d78d63da560b75eb0c3002df863a3863ec9180862390959f
generated: "2023-04-08T11:34:51.167754324Z"
